
Microsoft Visual Studio Solution File, Format Version 12.00
# Visual Studio Version 17
VisualStudioVersion = 17.8.34309.116
MinimumVisualStudioVersion = 10.0.40219.1
Project("{9A19103F-16F7-4668-BE54-9A1E7A4F7556}") = "DATN.WebAPI", "DATN.WebAPI\DATN.WebAPI.csproj", "{29D2EC0D-73D9-413A-AA98-8CBF41615791}"
EndProject
Project("{9A19103F-16F7-4668-BE54-9A1E7A4F7556}") = "DATN.WebApp", "DATN.WebApp\DATN.WebApp.csproj", "{3E55CC16-72A5-4D29-B355-88FE50EA303E}"
EndProject
Project("{9A19103F-16F7-4668-BE54-9A1E7A4F7556}") = "DATN.Domain", "DATN.Domain\DATN.Domain.csproj", "{1D5CE53A-D217-4DA1-BF33-F60C267EA049}"
EndProject
Project("{9A19103F-16F7-4668-BE54-9A1E7A4F7556}") = "DATN.Application", "DATN.Application\DATN.Application.csproj", "{D906C80F-FFD4-487D-980E-D5156B8C1B2D}"
EndProject
Project("{9A19103F-16F7-4668-BE54-9A1E7A4F7556}") = "DATN.Infrastructure", "DATN.Infrastructure\DATN.Infrastructure.csproj", "{02ED8386-A9CF-427F-A380-71086DF5FA57}"
EndProject
Global
	GlobalSection(SolutionConfigurationPlatforms) = preSolution
		Debug|Any CPU = Debug|Any CPU
		Release|Any CPU = Release|Any CPU
	EndGlobalSection
	GlobalSection(ProjectConfigurationPlatforms) = postSolution
		{29D2EC0D-73D9-413A-AA98-8CBF41615791}.Debug|Any CPU.ActiveCfg = Debug|Any CPU
		{29D2EC0D-73D9-413A-AA98-8CBF41615791}.Debug|Any CPU.Build.0 = Debug|Any CPU
		{29D2EC0D-73D9-413A-AA98-8CBF41615791}.Release|Any CPU.ActiveCfg = Release|Any CPU
		{29D2EC0D-73D9-413A-AA98-8CBF41615791}.Release|Any CPU.Build.0 = Release|Any CPU
		{3E55CC16-72A5-4D29-B355-88FE50EA303E}.Debug|Any CPU.ActiveCfg = Debug|Any CPU
		{3E55CC16-72A5-4D29-B355-88FE50EA303E}.Debug|Any CPU.Build.0 = Debug|Any CPU
		{3E55CC16-72A5-4D29-B355-88FE50EA303E}.Release|Any CPU.ActiveCfg = Release|Any CPU
		{3E55CC16-72A5-4D29-B355-88FE50EA303E}.Release|Any CPU.Build.0 = Release|Any CPU
		{1D5CE53A-D217-4DA1-BF33-F60C267EA049}.Debug|Any CPU.ActiveCfg = Debug|Any CPU
		{1D5CE53A-D217-4DA1-BF33-F60C267EA049}.Debug|Any CPU.Build.0 = Debug|Any CPU
		{1D5CE53A-D217-4DA1-BF33-F60C267EA049}.Release|Any CPU.ActiveCfg = Release|Any CPU
		{1D5CE53A-D217-4DA1-BF33-F60C267EA049}.Release|Any CPU.Build.0 = Release|Any CPU
		{D906C80F-FFD4-487D-980E-D5156B8C1B2D}.Debug|Any CPU.ActiveCfg = Debug|Any CPU
		{D906C80F-FFD4-487D-980E-D5156B8C1B2D}.Debug|Any CPU.Build.0 = Debug|Any CPU
		{D906C80F-FFD4-487D-980E-D5156B8C1B2D}.Release|Any CPU.ActiveCfg = Release|Any CPU
		{D906C80F-FFD4-487D-980E-D5156B8C1B2D}.Release|Any CPU.Build.0 = Release|Any CPU
		{02ED8386-A9CF-427F-A380-71086DF5FA57}.Debug|Any CPU.ActiveCfg = Debug|Any CPU
		{02ED8386-A9CF-427F-A380-71086DF5FA57}.Debug|Any CPU.Build.0 = Debug|Any CPU
		{02ED8386-A9CF-427F-A380-71086DF5FA57}.Release|Any CPU.ActiveCfg = Release|Any CPU
		{02ED8386-A9CF-427F-A380-71086DF5FA57}.Release|Any CPU.Build.0 = Release|Any CPU
	EndGlobalSection
	GlobalSection(SolutionProperties) = preSolution
		HideSolutionNode = FALSE
	EndGlobalSection
	GlobalSection(ExtensibilityGlobals) = postSolution
		SolutionGuid = {A4C046AC-2006-4BDA-B0C6-82D09FAEB751}
	EndGlobalSection
EndGlobal
